# This file is @generated by PDM.
# It is not intended for manual editing.

[metadata]
groups = ["default", "dev"]
strategy = ["inherit_metadata"]
lock_version = "4.5.0"
content_hash = "sha256:fb1aa9c82acb72d3bcee72d32679386670b45ab7cad29665c357dd2037a20e9b"

[[metadata.targets]]
requires_python = "==3.13.*"

[[package]]
name = "ansible"
version = "11.9.0"
requires_python = ">=3.11"
summary = "Radically simple IT automation"
groups = ["default"]
dependencies = [
    "ansible-core~=2.18.8",
]
files = [
    {file = "ansible-11.9.0-py3-none-any.whl", hash = "sha256:79b087ef38105b93e0e092e7013a0f840e154a6a8ce9b5fddd1b47593adc542a"},
    {file = "ansible-11.9.0.tar.gz", hash = "sha256:528ca5a408f11cf1fea00daea7570e68d40e167be38b90c119a7cb45729e4921"},
]

[[package]]
name = "ansible-core"
version = "2.18.8"
requires_python = ">=3.11"
summary = "Radically simple IT automation"
groups = ["default"]
dependencies = [
    "PyYAML>=5.1",
    "cryptography",
    "jinja2>=3.0.0",
    "packaging",
    "resolvelib<1.1.0,>=0.5.3",
]
files = [
    {file = "ansible_core-2.18.8-py3-none-any.whl", hash = "sha256:b60bc23b2f11fd0559a79d10ac152b52f58a18ca1b7be0a620dfe87f34ced689"},
    {file = "ansible_core-2.18.8.tar.gz", hash = "sha256:b0766215a96a47ce39933d27e1e996ca2beb54cf1b3907c742d35c913b1f78cd"},
]

[[package]]
name = "cffi"
version = "1.17.1"
requires_python = ">=3.8"
summary = "Foreign Function Interface for Python calling C code."
groups = ["default"]
marker = "platform_python_implementation != \"PyPy\""
dependencies = [
    "pycparser",
]
files = [
    {file = "cffi-1.17.1-cp313-cp313-macosx_10_13_x86_64.whl", hash = "sha256:f3a2b4222ce6b60e2e8b337bb9596923045681d71e5a082783484d845390938e"},
    {file = "cffi-1.17.1-cp313-cp313-macosx_11_0_arm64.whl", hash = "sha256:0984a4925a435b1da406122d4d7968dd861c1385afe3b45ba82b750f229811e2"},
    {file = "cffi-1.17.1-cp313-cp313-manylinux_2_12_i686.manylinux2010_i686.manylinux_2_17_i686.manylinux2014_i686.whl", hash = "sha256:d01b12eeeb4427d3110de311e1774046ad344f5b1a7403101878976ecd7a10f3"},
    {file = "cffi-1.17.1-cp313-cp313-manylinux_2_17_aarch64.manylinux2014_aarch64.whl", hash = "sha256:706510fe141c86a69c8ddc029c7910003a17353970cff3b904ff0686a5927683"},
    {file = "cffi-1.17.1-cp313-cp313-manylinux_2_17_ppc64le.manylinux2014_ppc64le.whl", hash = "sha256:de55b766c7aa2e2a3092c51e0483d700341182f08e67c63630d5b6f200bb28e5"},
    {file = "cffi-1.17.1-cp313-cp313-manylinux_2_17_s390x.manylinux2014_s390x.whl", hash = "sha256:c59d6e989d07460165cc5ad3c61f9fd8f1b4796eacbd81cee78957842b834af4"},
    {file = "cffi-1.17.1-cp313-cp313-manylinux_2_17_x86_64.manylinux2014_x86_64.whl", hash = "sha256:dd398dbc6773384a17fe0d3e7eeb8d1a21c2200473ee6806bb5e6a8e62bb73dd"},
    {file = "cffi-1.17.1-cp313-cp313-musllinux_1_1_aarch64.whl", hash = "sha256:3edc8d958eb099c634dace3c7e16560ae474aa3803a5df240542b305d14e14ed"},
    {file = "cffi-1.17.1-cp313-cp313-musllinux_1_1_x86_64.whl", hash = "sha256:72e72408cad3d5419375fc87d289076ee319835bdfa2caad331e377589aebba9"},
    {file = "cffi-1.17.1-cp313-cp313-win32.whl", hash = "sha256:e03eab0a8677fa80d646b5ddece1cbeaf556c313dcfac435ba11f107ba117b5d"},
    {file = "cffi-1.17.1-cp313-cp313-win_amd64.whl", hash = "sha256:f6a16c31041f09ead72d69f583767292f750d24913dadacf5756b966aacb3f1a"},
    {file = "cffi-1.17.1.tar.gz", hash = "sha256:1c39c6016c32bc48dd54561950ebd6836e1670f2ae46128f67cf49e789c52824"},
]

[[package]]
name = "cryptography"
version = "45.0.6"
requires_python = "!=3.9.0,!=3.9.1,>=3.7"
summary = "cryptography is a package which provides cryptographic recipes and primitives to Python developers."
groups = ["default"]
dependencies = [
    "cffi>=1.14; platform_python_implementation != \"PyPy\"",
]
files = [
    {file = "cryptography-45.0.6-cp311-abi3-macosx_10_9_universal2.whl", hash = "sha256:048e7ad9e08cf4c0ab07ff7f36cc3115924e22e2266e034450a890d9e312dd74"},
    {file = "cryptography-45.0.6-cp311-abi3-manylinux2014_aarch64.manylinux_2_17_aarch64.whl", hash = "sha256:44647c5d796f5fc042bbc6d61307d04bf29bccb74d188f18051b635f20a9c75f"},
    {file = "cryptography-45.0.6-cp311-abi3-manylinux2014_x86_64.manylinux_2_17_x86_64.whl", hash = "sha256:e40b80ecf35ec265c452eea0ba94c9587ca763e739b8e559c128d23bff7ebbbf"},
    {file = "cryptography-45.0.6-cp311-abi3-manylinux_2_28_aarch64.whl", hash = "sha256:00e8724bdad672d75e6f069b27970883179bd472cd24a63f6e620ca7e41cc0c5"},
    {file = "cryptography-45.0.6-cp311-abi3-manylinux_2_28_armv7l.manylinux_2_31_armv7l.whl", hash = "sha256:7a3085d1b319d35296176af31c90338eeb2ddac8104661df79f80e1d9787b8b2"},
    {file = "cryptography-45.0.6-cp311-abi3-manylinux_2_28_x86_64.whl", hash = "sha256:1b7fa6a1c1188c7ee32e47590d16a5a0646270921f8020efc9a511648e1b2e08"},
    {file = "cryptography-45.0.6-cp311-abi3-manylinux_2_34_aarch64.whl", hash = "sha256:275ba5cc0d9e320cd70f8e7b96d9e59903c815ca579ab96c1e37278d231fc402"},
    {file = "cryptography-45.0.6-cp311-abi3-manylinux_2_34_x86_64.whl", hash = "sha256:f4028f29a9f38a2025abedb2e409973709c660d44319c61762202206ed577c42"},
    {file = "cryptography-45.0.6-cp311-abi3-musllinux_1_2_aarch64.whl", hash = "sha256:ee411a1b977f40bd075392c80c10b58025ee5c6b47a822a33c1198598a7a5f05"},
    {file = "cryptography-45.0.6-cp311-abi3-musllinux_1_2_x86_64.whl", hash = "sha256:e2a21a8eda2d86bb604934b6b37691585bd095c1f788530c1fcefc53a82b3453"},
    {file = "cryptography-45.0.6-cp311-abi3-win32.whl", hash = "sha256:d063341378d7ee9c91f9d23b431a3502fc8bfacd54ef0a27baa72a0843b29159"},
    {file = "cryptography-45.0.6-cp311-abi3-win_amd64.whl", hash = "sha256:833dc32dfc1e39b7376a87b9a6a4288a10aae234631268486558920029b086ec"},
    {file = "cryptography-45.0.6-cp37-abi3-macosx_10_9_universal2.whl", hash = "sha256:3436128a60a5e5490603ab2adbabc8763613f638513ffa7d311c900a8349a2a0"},
    {file = "cryptography-45.0.6-cp37-abi3-manylinux2014_aarch64.manylinux_2_17_aarch64.whl", hash = "sha256:0d9ef57b6768d9fa58e92f4947cea96ade1233c0e236db22ba44748ffedca394"},
    {file = "cryptography-45.0.6-cp37-abi3-manylinux2014_x86_64.manylinux_2_17_x86_64.whl", hash = "sha256:ea3c42f2016a5bbf71825537c2ad753f2870191134933196bee408aac397b3d9"},
    {file = "cryptography-45.0.6-cp37-abi3-manylinux_2_28_aarch64.whl", hash = "sha256:20ae4906a13716139d6d762ceb3e0e7e110f7955f3bc3876e3a07f5daadec5f3"},
    {file = "cryptography-45.0.6-cp37-abi3-manylinux_2_28_armv7l.manylinux_2_31_armv7l.whl", hash = "sha256:2dac5ec199038b8e131365e2324c03d20e97fe214af051d20c49db129844e8b3"},
    {file = "cryptography-45.0.6-cp37-abi3-manylinux_2_28_x86_64.whl", hash = "sha256:18f878a34b90d688982e43f4b700408b478102dd58b3e39de21b5ebf6509c301"},
    {file = "cryptography-45.0.6-cp37-abi3-manylinux_2_34_aarch64.whl", hash = "sha256:5bd6020c80c5b2b2242d6c48487d7b85700f5e0038e67b29d706f98440d66eb5"},
    {file = "cryptography-45.0.6-cp37-abi3-manylinux_2_34_x86_64.whl", hash = "sha256:eccddbd986e43014263eda489abbddfbc287af5cddfd690477993dbb31e31016"},
    {file = "cryptography-45.0.6-cp37-abi3-musllinux_1_2_aarch64.whl", hash = "sha256:550ae02148206beb722cfe4ef0933f9352bab26b087af00e48fdfb9ade35c5b3"},
    {file = "cryptography-45.0.6-cp37-abi3-musllinux_1_2_x86_64.whl", hash = "sha256:5b64e668fc3528e77efa51ca70fadcd6610e8ab231e3e06ae2bab3b31c2b8ed9"},
    {file = "cryptography-45.0.6-cp37-abi3-win32.whl", hash = "sha256:780c40fb751c7d2b0c6786ceee6b6f871e86e8718a8ff4bc35073ac353c7cd02"},
    {file = "cryptography-45.0.6-cp37-abi3-win_amd64.whl", hash = "sha256:20d15aed3ee522faac1a39fbfdfee25d17b1284bafd808e1640a74846d7c4d1b"},
    {file = "cryptography-45.0.6.tar.gz", hash = "sha256:5c966c732cf6e4a276ce83b6e4c729edda2df6929083a952cc7da973c539c719"},
]

[[package]]
name = "jinja2"
version = "3.1.6"
requires_python = ">=3.7"
summary = "A very fast and expressive template engine."
groups = ["default"]
dependencies = [
    "MarkupSafe>=2.0",
]
files = [
    {file = "jinja2-3.1.6-py3-none-any.whl", hash = "sha256:85ece4451f492d0c13c5dd7c13a64681a86afae63a5f347908daf103ce6d2f67"},
    {file = "jinja2-3.1.6.tar.gz", hash = "sha256:0137fb05990d35f1275a587e9aee6d56da821fc83491a0fb838183be43f66d6d"},
]

[[package]]
name = "markdown-it-py"
version = "3.0.0"
requires_python = ">=3.8"
summary = "Python port of markdown-it. Markdown parsing, done right!"
groups = ["dev"]
dependencies = [
    "mdurl~=0.1",
]
files = [
    {file = "markdown-it-py-3.0.0.tar.gz", hash = "sha256:e3f60a94fa066dc52ec76661e37c851cb232d92f9886b15cb560aaada2df8feb"},
    {file = "markdown_it_py-3.0.0-py3-none-any.whl", hash = "sha256:355216845c60bd96232cd8d8c40e8f9765cc86f46880e43a8fd22dc1a1a8cab1"},
]

[[package]]
name = "markupsafe"
version = "3.0.2"
requires_python = ">=3.9"
summary = "Safely add untrusted strings to HTML/XML markup."
groups = ["default"]
files = [
    {file = "MarkupSafe-3.0.2-cp313-cp313-macosx_10_13_universal2.whl", hash = "sha256:ba9527cdd4c926ed0760bc301f6728ef34d841f405abf9d4f959c478421e4efd"},
    {file = "MarkupSafe-3.0.2-cp313-cp313-macosx_11_0_arm64.whl", hash = "sha256:f8b3d067f2e40fe93e1ccdd6b2e1d16c43140e76f02fb1319a05cf2b79d99430"},
    {file = "MarkupSafe-3.0.2-cp313-cp313-manylinux_2_17_aarch64.manylinux2014_aarch64.whl", hash = "sha256:569511d3b58c8791ab4c2e1285575265991e6d8f8700c7be0e88f86cb0672094"},
    {file = "MarkupSafe-3.0.2-cp313-cp313-manylinux_2_17_x86_64.manylinux2014_x86_64.whl", hash = "sha256:15ab75ef81add55874e7ab7055e9c397312385bd9ced94920f2802310c930396"},
    {file = "MarkupSafe-3.0.2-cp313-cp313-manylinux_2_5_i686.manylinux1_i686.manylinux_2_17_i686.manylinux2014_i686.whl", hash = "sha256:f3818cb119498c0678015754eba762e0d61e5b52d34c8b13d770f0719f7b1d79"},
    {file = "MarkupSafe-3.0.2-cp313-cp313-musllinux_1_2_aarch64.whl", hash = "sha256:cdb82a876c47801bb54a690c5ae105a46b392ac6099881cdfb9f6e95e4014c6a"},
    {file = "MarkupSafe-3.0.2-cp313-cp313-musllinux_1_2_i686.whl", hash = "sha256:cabc348d87e913db6ab4aa100f01b08f481097838bdddf7c7a84b7575b7309ca"},
    {file = "MarkupSafe-3.0.2-cp313-cp313-musllinux_1_2_x86_64.whl", hash = "sha256:444dcda765c8a838eaae23112db52f1efaf750daddb2d9ca300bcae1039adc5c"},
    {file = "MarkupSafe-3.0.2-cp313-cp313-win32.whl", hash = "sha256:bcf3e58998965654fdaff38e58584d8937aa3096ab5354d493c77d1fdd66d7a1"},
    {file = "MarkupSafe-3.0.2-cp313-cp313-win_amd64.whl", hash = "sha256:e6a2a455bd412959b57a172ce6328d2dd1f01cb2135efda2e4576e8a23fa3b0f"},
    {file = "MarkupSafe-3.0.2-cp313-cp313t-macosx_10_13_universal2.whl", hash = "sha256:b5a6b3ada725cea8a5e634536b1b01c30bcdcd7f9c6fff4151548d5bf6b3a36c"},
    {file = "MarkupSafe-3.0.2-cp313-cp313t-macosx_11_0_arm64.whl", hash = "sha256:a904af0a6162c73e3edcb969eeeb53a63ceeb5d8cf642fade7d39e7963a22ddb"},
    {file = "MarkupSafe-3.0.2-cp313-cp313t-manylinux_2_17_aarch64.manylinux2014_aarch64.whl", hash = "sha256:4aa4e5faecf353ed117801a068ebab7b7e09ffb6e1d5e412dc852e0da018126c"},
    {file = "MarkupSafe-3.0.2-cp313-cp313t-manylinux_2_17_x86_64.manylinux2014_x86_64.whl", hash = "sha256:c0ef13eaeee5b615fb07c9a7dadb38eac06a0608b41570d8ade51c56539e509d"},
    {file = "MarkupSafe-3.0.2-cp313-cp313t-manylinux_2_5_i686.manylinux1_i686.manylinux_2_17_i686.manylinux2014_i686.whl", hash = "sha256:d16a81a06776313e817c951135cf7340a3e91e8c1ff2fac444cfd75fffa04afe"},
    {file = "MarkupSafe-3.0.2-cp313-cp313t-musllinux_1_2_aarch64.whl", hash = "sha256:6381026f158fdb7c72a168278597a5e3a5222e83ea18f543112b2662a9b699c5"},
    {file = "MarkupSafe-3.0.2-cp313-cp313t-musllinux_1_2_i686.whl", hash = "sha256:3d79d162e7be8f996986c064d1c7c817f6df3a77fe3d6859f6f9e7be4b8c213a"},
    {file = "MarkupSafe-3.0.2-cp313-cp313t-musllinux_1_2_x86_64.whl", hash = "sha256:131a3c7689c85f5ad20f9f6fb1b866f402c445b220c19fe4308c0b147ccd2ad9"},
    {file = "MarkupSafe-3.0.2-cp313-cp313t-win32.whl", hash = "sha256:ba8062ed2cf21c07a9e295d5b8a2a5ce678b913b45fdf68c32d95d6c1291e0b6"},
    {file = "MarkupSafe-3.0.2-cp313-cp313t-win_amd64.whl", hash = "sha256:e444a31f8db13eb18ada366ab3cf45fd4b31e4db1236a4448f68778c1d1a5a2f"},
    {file = "markupsafe-3.0.2.tar.gz", hash = "sha256:ee55d3edf80167e48ea11a923c7386f4669df67d7994554387f84e7d8b0a2bf0"},
]

[[package]]
name = "mdformat"
version = "0.7.22"
requires_python = ">=3.9"
summary = "CommonMark compliant Markdown formatter"
groups = ["dev"]
dependencies = [
    "importlib-metadata>=3.6.0; python_version < \"3.10\"",
    "markdown-it-py<4.0.0,>=1.0.0",
    "tomli>=1.1.0; python_version < \"3.11\"",
]
files = [
    {file = "mdformat-0.7.22-py3-none-any.whl", hash = "sha256:61122637c9e1d9be1329054f3fa216559f0d1f722b7919b060a8c2a4ae1850e5"},
    {file = "mdformat-0.7.22.tar.gz", hash = "sha256:eef84fa8f233d3162734683c2a8a6222227a229b9206872e6139658d99acb1ea"},
]

[[package]]
name = "mdurl"
version = "0.1.2"
requires_python = ">=3.7"
summary = "Markdown URL utilities"
groups = ["dev"]
files = [
    {file = "mdurl-0.1.2-py3-none-any.whl", hash = "sha256:84008a41e51615a49fc9966191ff91509e3c40b939176e643fd50a5c2196b8f8"},
    {file = "mdurl-0.1.2.tar.gz", hash = "sha256:bb413d29f5eea38f31dd4754dd7377d4465116fb207585f97bf925588687c1ba"},
]

[[package]]
name = "packaging"
version = "25.0"
requires_python = ">=3.8"
summary = "Core utilities for Python packages"
groups = ["default"]
files = [
    {file = "packaging-25.0-py3-none-any.whl", hash = "sha256:29572ef2b1f17581046b3a2227d5c611fb25ec70ca1ba8554b24b0e69331a484"},
    {file = "packaging-25.0.tar.gz", hash = "sha256:d443872c98d677bf60f6a1f2f8c1cb748e8fe762d2bf9d3148b5599295b0fc4f"},
]

[[package]]
name = "passlib"
version = "1.7.4"
summary = "comprehensive password hashing framework supporting over 30 schemes"
groups = ["default"]
files = [
    {file = "passlib-1.7.4-py2.py3-none-any.whl", hash = "sha256:aa6bca462b8d8bda89c70b382f0c298a20b5560af6cbfa2dce410c0a2fb669f1"},
    {file = "passlib-1.7.4.tar.gz", hash = "sha256:defd50f72b65c5402ab2c573830a6978e5f202ad0d984793c8dde2c4152ebe04"},
]

[[package]]
name = "pycparser"
version = "2.22"
requires_python = ">=3.8"
summary = "C parser in Python"
groups = ["default"]
marker = "platform_python_implementation != \"PyPy\""
files = [
    {file = "pycparser-2.22-py3-none-any.whl", hash = "sha256:c3702b6d3dd8c7abc1afa565d7e63d53a1d0bd86cdc24edd75470f4de499cfcc"},
    {file = "pycparser-2.22.tar.gz", hash = "sha256:491c8be9c040f5390f5bf44a5b07752bd07f56edf992381b05c701439eec10f6"},
]

[[package]]
name = "pyyaml"
version = "6.0.2"
requires_python = ">=3.8"
summary = "YAML parser and emitter for Python"
groups = ["default"]
files = [
    {file = "PyYAML-6.0.2-cp313-cp313-macosx_10_13_x86_64.whl", hash = "sha256:efdca5630322a10774e8e98e1af481aad470dd62c3170801852d752aa7a783ba"},
    {file = "PyYAML-6.0.2-cp313-cp313-macosx_11_0_arm64.whl", hash = "sha256:50187695423ffe49e2deacb8cd10510bc361faac997de9efef88badc3bb9e2d1"},
    {file = "PyYAML-6.0.2-cp313-cp313-manylinux_2_17_aarch64.manylinux2014_aarch64.whl", hash = "sha256:0ffe8360bab4910ef1b9e87fb812d8bc0a308b0d0eef8c8f44e0254ab3b07133"},
    {file = "PyYAML-6.0.2-cp313-cp313-manylinux_2_17_s390x.manylinux2014_s390x.whl", hash = "sha256:17e311b6c678207928d649faa7cb0d7b4c26a0ba73d41e99c4fff6b6c3276484"},
    {file = "PyYAML-6.0.2-cp313-cp313-manylinux_2_17_x86_64.manylinux2014_x86_64.whl", hash = "sha256:70b189594dbe54f75ab3a1acec5f1e3faa7e8cf2f1e08d9b561cb41b845f69d5"},
    {file = "PyYAML-6.0.2-cp313-cp313-musllinux_1_1_aarch64.whl", hash = "sha256:41e4e3953a79407c794916fa277a82531dd93aad34e29c2a514c2c0c5fe971cc"},
    {file = "PyYAML-6.0.2-cp313-cp313-musllinux_1_1_x86_64.whl", hash = "sha256:68ccc6023a3400877818152ad9a1033e3db8625d899c72eacb5a668902e4d652"},
    {file = "PyYAML-6.0.2-cp313-cp313-win32.whl", hash = "sha256:bc2fa7c6b47d6bc618dd7fb02ef6fdedb1090ec036abab80d4681424b84c1183"},
    {file = "PyYAML-6.0.2-cp313-cp313-win_amd64.whl", hash = "sha256:8388ee1976c416731879ac16da0aff3f63b286ffdd57cdeb95f3f2e085687563"},
    {file = "pyyaml-6.0.2.tar.gz", hash = "sha256:d584d9ec91ad65861cc08d42e834324ef890a082e591037abe114850ff7bbc3e"},
]

[[package]]
name = "resolvelib"
version = "1.0.1"
summary = "Resolve abstract dependencies into concrete ones"
groups = ["default"]
files = [
    {file = "resolvelib-1.0.1-py2.py3-none-any.whl", hash = "sha256:d2da45d1a8dfee81bdd591647783e340ef3bcb104b54c383f70d422ef5cc7dbf"},
    {file = "resolvelib-1.0.1.tar.gz", hash = "sha256:04ce76cbd63fded2078ce224785da6ecd42b9564b1390793f64ddecbe997b309"},
]
